
Microsoft Visual Studio Solution File, Format Version 12.00
# Visual Studio 15
VisualStudioVersion = 15.0.28010.2046
MinimumVisualStudioVersion = 10.0.40219.1
Project("{FAE04EC0-301F-11D3-BF4B-00C04F79EFBC}") = "MITSWebServices", "MITSWebServices\MITSWebServices.csproj", "{22941029-4B15-47D5-8724-0E4A5CA971E0}"
EndProject
Project("{FAE04EC0-301F-11D3-BF4B-00C04F79EFBC}") = "MITSDataLib", "MITSDataLib\MITSDataLib.csproj", "{671E99B7-5159-4385-BDC9-C9AE57F60577}"
EndProject
Project("{FAE04EC0-301F-11D3-BF4B-00C04F79EFBC}") = "MITSBusinessLib", "MITSBusinessLib\MITSBusinessLib.csproj", "{6D79D390-6A57-4033-8231-3D04571797AA}"
EndProject
Global
	GlobalSection(SolutionConfigurationPlatforms) = preSolution
		Debug|Any CPU = Debug|Any CPU
		Release|Any CPU = Release|Any CPU
	EndGlobalSection
	GlobalSection(ProjectConfigurationPlatforms) = postSolution
		{22941029-4B15-47D5-8724-0E4A5CA971E0}.Debug|Any CPU.ActiveCfg = Debug|Any CPU
		{22941029-4B15-47D5-8724-0E4A5CA971E0}.Debug|Any CPU.Build.0 = Debug|Any CPU
		{22941029-4B15-47D5-8724-0E4A5CA971E0}.Release|Any CPU.ActiveCfg = Release|Any CPU
		{22941029-4B15-47D5-8724-0E4A5CA971E0}.Release|Any CPU.Build.0 = Release|Any CPU
		{671E99B7-5159-4385-BDC9-C9AE57F60577}.Debug|Any CPU.ActiveCfg = Debug|Any CPU
		{671E99B7-5159-4385-BDC9-C9AE57F60577}.Debug|Any CPU.Build.0 = Debug|Any CPU
		{671E99B7-5159-4385-BDC9-C9AE57F60577}.Release|Any CPU.ActiveCfg = Release|Any CPU
		{671E99B7-5159-4385-BDC9-C9AE57F60577}.Release|Any CPU.Build.0 = Release|Any CPU
		{6D79D390-6A57-4033-8231-3D04571797AA}.Debug|Any CPU.ActiveCfg = Debug|Any CPU
		{6D79D390-6A57-4033-8231-3D04571797AA}.Debug|Any CPU.Build.0 = Debug|Any CPU
		{6D79D390-6A57-4033-8231-3D04571797AA}.Release|Any CPU.ActiveCfg = Release|Any CPU
		{6D79D390-6A57-4033-8231-3D04571797AA}.Release|Any CPU.Build.0 = Release|Any CPU
	EndGlobalSection
	GlobalSection(SolutionProperties) = preSolution
		HideSolutionNode = FALSE
	EndGlobalSection
	GlobalSection(ExtensibilityGlobals) = postSolution
		SolutionGuid = {E1A78296-3276-4250-B1D8-7A12E6154718}
	EndGlobalSection
EndGlobal
